
Microsoft Visual Studio Solution File, Format Version 12.00
# Visual Studio Version 16
VisualStudioVersion = 16.0.30907.101
MinimumVisualStudioVersion = 10.0.40219.1
Project("{FAE04EC0-301F-11D3-BF4B-00C04F79EFBC}") = "up_4", "up_4\up_4.csproj", "{0BD7E29A-C537-44D2-B1A7-073D7B1951E7}"
EndProject
Project("{FAE04EC0-301F-11D3-BF4B-00C04F79EFBC}") = "DllUp4", "DllUp4\DllUp4.csproj", "{FBF5F34D-AF13-4334-9CFB-77D7923F5D16}"
EndProject
Global
	GlobalSection(SolutionConfigurationPlatforms) = preSolution
		Debug|Any CPU = Debug|Any CPU
		Release|Any CPU = Release|Any CPU
	EndGlobalSection
	GlobalSection(ProjectConfigurationPlatforms) = postSolution
		{0BD7E29A-C537-44D2-B1A7-073D7B1951E7}.Debug|Any CPU.ActiveCfg = Debug|Any CPU
		{0BD7E29A-C537-44D2-B1A7-073D7B1951E7}.Debug|Any CPU.Build.0 = Debug|Any CPU
		{0BD7E29A-C537-44D2-B1A7-073D7B1951E7}.Release|Any CPU.ActiveCfg = Release|Any CPU
		{0BD7E29A-C537-44D2-B1A7-073D7B1951E7}.Release|Any CPU.Build.0 = Release|Any CPU
		{FBF5F34D-AF13-4334-9CFB-77D7923F5D16}.Debug|Any CPU.ActiveCfg = Debug|Any CPU
		{FBF5F34D-AF13-4334-9CFB-77D7923F5D16}.Debug|Any CPU.Build.0 = Debug|Any CPU
		{FBF5F34D-AF13-4334-9CFB-77D7923F5D16}.Release|Any CPU.ActiveCfg = Release|Any CPU
		{FBF5F34D-AF13-4334-9CFB-77D7923F5D16}.Release|Any CPU.Build.0 = Release|Any CPU
	EndGlobalSection
	GlobalSection(SolutionProperties) = preSolution
		HideSolutionNode = FALSE
	EndGlobalSection
	GlobalSection(ExtensibilityGlobals) = postSolution
		SolutionGuid = {294595F0-B6A3-40D4-9746-F2A806BBC573}
	EndGlobalSection
EndGlobal
